# THIS IS AN AUTOGENERATED FILE. DO NOT EDIT THIS FILE DIRECTLY.
# yarn lockfile v1


markdown-tables-to-json@^0.1.4:
  version "0.1.4"
  resolved "https://registry.yarnpkg.com/markdown-tables-to-json/-/markdown-tables-to-json-0.1.4.tgz#46801c7421adc708cf82cbc2120e6ce361dd3d2b"
  integrity sha512-cxNADKU0S6BN1bgy31dNJqaRQq1yZkt/RXUHV/3mmVfrN3I3Kjm9FaFR5rQ6ZkKesQDCLwE4IPYFcNGKHx0CjQ==
  dependencies:
    marked-ts "^1.0.0-beta.4"

marked-ts@^1.0.0-beta.4:
  version "1.0.0-beta.5"
  resolved "https://registry.yarnpkg.com/marked-ts/-/marked-ts-1.0.0-beta.5.tgz#016db6642dfc5465074c905f6d498836160b15aa"
  integrity sha512-XzolFEmLus3KQcXKgb1ARt4iCkScB+saAu6OHxIQhk1Hrypxskk7WEQw8/cjPijnWGISM0G+SmpGa3FmOFDgDg==
  optionalDependencies:
    typescript "^2.6.2"

node-fetch@^2.6.0:
  version "2.6.0"
  resolved "https://registry.yarnpkg.com/node-fetch/-/node-fetch-2.6.0.tgz#e633456386d4aa55863f676a7ab0daa8fdecb0fd"
  integrity sha512-8dG4H5ujfvFiqDmVu9fQ5bOHUC15JMjMY/Zumv26oOvvVJjM67KF8koCWIabKQ1GJIa9r2mMZscBq/TbdOcmNA==

typescript@^2.6.2:
  version "2.9.2"
  resolved "https://registry.yarnpkg.com/typescript/-/typescript-2.9.2.tgz#1cbf61d05d6b96269244eb6a3bce4bd914e0f00c"
  integrity sha512-Gr4p6nFNaoufRIY4NMdpQRNmgxVIGMs4Fcu/ujdYk3nAZqk7supzBE9idmvfZIlH/Cuj//dvi+019qEue9lV0w==
